
Microsoft Visual Studio Solution File, Format Version 12.00
# Visual Studio Version 17
VisualStudioVersion = 17.11.35219.272
MinimumVisualStudioVersion = 10.0.40219.1
Project("{FAE04EC0-301F-11D3-BF4B-00C04F79EFBC}") = "Myvariant 7unit", "Myvariant 7unit.csproj", "{0BD6D922-03F4-4865-9809-A25F5B398678}"
EndProject
Global
	GlobalSection(SolutionConfigurationPlatforms) = preSolution
		Debug|Any CPU = Debug|Any CPU
		Release|Any CPU = Release|Any CPU
	EndGlobalSection
	GlobalSection(ProjectConfigurationPlatforms) = postSolution
		{0BD6D922-03F4-4865-9809-A25F5B398678}.Debug|Any CPU.ActiveCfg = Debug|Any CPU
		{0BD6D922-03F4-4865-9809-A25F5B398678}.Debug|Any CPU.Build.0 = Debug|Any CPU
		{0BD6D922-03F4-4865-9809-A25F5B398678}.Release|Any CPU.ActiveCfg = Release|Any CPU
		{0BD6D922-03F4-4865-9809-A25F5B398678}.Release|Any CPU.Build.0 = Release|Any CPU
	EndGlobalSection
	GlobalSection(SolutionProperties) = preSolution
		HideSolutionNode = FALSE
	EndGlobalSection
	GlobalSection(ExtensibilityGlobals) = postSolution
		SolutionGuid = {23C2EB07-C522-49E7-BFA2-A8E03E415022}
	EndGlobalSection
EndGlobal
